// !$*UTF8*$!
{
	archiveVersion = 1;
	classes = {
	};
	objectVersion = 50;
	objects = {

/* Begin PBXBuildFile section */
		43128C762566B5BB00CC5AA0 /* Assets.xcassets in Resources */ = {isa = PBXBuildFile; fileRef = 43128C752566B5BB00CC5AA0 /* Assets.xcassets */; };
		43128C792566B5BB00CC5AA0 /* Preview Assets.xcassets in Resources */ = {isa = PBXBuildFile; fileRef = 43128C782566B5BB00CC5AA0 /* Preview Assets.xcassets */; };
		43128C872566B5D100CC5AA0 /* EAT_struct.swift in Sources */ = {isa = PBXBuildFile; fileRef = 43128C822566B5D100CC5AA0 /* EAT_struct.swift */; };
		43128C882566B5D100CC5AA0 /* EatEditor.swift in Sources */ = {isa = PBXBuildFile; fileRef = 43128C832566B5D100CC5AA0 /* EatEditor.swift */; };
		43128C892566B5D100CC5AA0 /* eatlist.swift in Sources */ = {isa = PBXBuildFile; fileRef = 43128C842566B5D100CC5AA0 /* eatlist.swift */; };
		43128C8A2566B5D100CC5AA0 /* eat_row_note.swift in Sources */ = {isa = PBXBuildFile; fileRef = 43128C852566B5D100CC5AA0 /* eat_row_note.swift */; };
		43128C8B2566B5D100CC5AA0 /* DrinksData.swift in Sources */ = {isa = PBXBuildFile; fileRef = 43128C862566B5D100CC5AA0 /* DrinksData.swift */; };
		43128C8E2566B5D800CC5AA0 /* OAOApp.swift in Sources */ = {isa = PBXBuildFile; fileRef = 43128C8D2566B5D800CC5AA0 /* OAOApp.swift */; };
/* End PBXBuildFile section */

/* Begin PBXFileReference section */
		43128C6E2566B5BA00CC5AA0 /* OAO.app */ = {isa = PBXFileReference; explicitFileType = wrapper.application; includeInIndex = 0; path = OAO.app; sourceTree = BUILT_PRODUCTS_DIR; };
		43128C752566B5BB00CC5AA0 /* Assets.xcassets */ = {isa = PBXFileReference; lastKnownFileType = folder.assetcatalog; path = Assets.xcassets; sourceTree = "<group>"; };
		43128C782566B5BB00CC5AA0 /* Preview Assets.xcassets */ = {isa = PBXFileReference; lastKnownFileType = folder.assetcatalog; path = "Preview Assets.xcassets"; sourceTree = "<group>"; };
		43128C7A2566B5BB00CC5AA0 /* Info.plist */ = {isa = PBXFileReference; lastKnownFileType = text.plist.xml; path = Info.plist; sourceTree = "<group>"; };
		43128C822566B5D100CC5AA0 /* EAT_struct.swift */ = {isa = PBXFileReference; fileEncoding = 4; lastKnownFileType = sourcecode.swift; path = EAT_struct.swift; sourceTree = "<group>"; };
		43128C832566B5D100CC5AA0 /* EatEditor.swift */ = {isa = PBXFileReference; fileEncoding = 4; lastKnownFileType = sourcecode.swift; path = EatEditor.swift; sourceTree = "<group>"; };
		43128C842566B5D100CC5AA0 /* eatlist.swift */ = {isa = PBXFileReference; fileEncoding = 4; lastKnownFileType = sourcecode.swift; path = eatlist.swift; sourceTree = "<group>"; };
		43128C852566B5D100CC5AA0 /* eat_row_note.swift */ = {isa = PBXFileReference; fileEncoding = 4; lastKnownFileType = sourcecode.swift; path = eat_row_note.swift; sourceTree = "<group>"; };
		43128C862566B5D100CC5AA0 /* DrinksData.swift */ = {isa = PBXFileReference; fileEncoding = 4; lastKnownFileType = sourcecode.swift; path = DrinksData.swift; sourceTree = "<group>"; };
		43128C8D2566B5D800CC5AA0 /* OAOApp.swift */ = {isa = PBXFileReference; fileEncoding = 4; lastKnownFileType = sourcecode.swift; path = OAOApp.swift; sourceTree = "<group>"; };
/* End PBXFileReference section */

/* Begin PBXFrameworksBuildPhase section */
		43128C6B2566B5BA00CC5AA0 /* Frameworks */ = {
			isa = PBXFrameworksBuildPhase;
			buildActionMask = 2147483647;
			files = (
			);
			runOnlyForDeploymentPostprocessing = 0;
		};
/* End PBXFrameworksBuildPhase section */

/* Begin PBXGroup section */
		43128C652566B5BA00CC5AA0 = {
			isa = PBXGroup;
			children = (
				43128C702566B5BA00CC5AA0 /* OAO */,
				43128C6F2566B5BA00CC5AA0 /* Products */,
			);
			sourceTree = "<group>";
		};
		43128C6F2566B5BA00CC5AA0 /* Products */ = {
			isa = PBXGroup;
			children = (
				43128C6E2566B5BA00CC5AA0 /* OAO.app */,
			);
			name = Products;
			sourceTree = "<group>";
		};
		43128C702566B5BA00CC5AA0 /* OAO */ = {
			isa = PBXGroup;
			children = (
				43128C8D2566B5D800CC5AA0 /* OAOApp.swift */,
				43128C862566B5D100CC5AA0 /* DrinksData.swift */,
				43128C852566B5D100CC5AA0 /* eat_row_note.swift */,
				43128C822566B5D100CC5AA0 /* EAT_struct.swift */,
				43128C832566B5D100CC5AA0 /* EatEditor.swift */,
				43128C842566B5D100CC5AA0 /* eatlist.swift */,
				43128C752566B5BB00CC5AA0 /* Assets.xcassets */,
				43128C7A2566B5BB00CC5AA0 /* Info.plist */,
				43128C772566B5BB00CC5AA0 /* Preview Content */,
			);
			path = OAO;
			sourceTree = "<group>";
		};
		43128C772566B5BB00CC5AA0 /* Preview Content */ = {
			isa = PBXGroup;
			children = (
				43128C782566B5BB00CC5AA0 /* Preview Assets.xcassets */,
			);
			path = "Preview Content";
			sourceTree = "<group>";
		};
/* End PBXGroup section */

/* Begin PBXNativeTarget section */
		43128C6D2566B5BA00CC5AA0 /* OAO */ = {
			isa = PBXNativeTarget;
			buildConfigurationList = 43128C7D2566B5BB00CC5AA0 /* Build configuration list for PBXNativeTarget "OAO" */;
			buildPhases = (
				43128C6A2566B5BA00CC5AA0 /* Sources */,
				43128C6B2566B5BA00CC5AA0 /* Frameworks */,
				43128C6C2566B5BA00CC5AA0 /* Resources */,
			);
			buildRules = (
			);
			dependencies = (
			);
			name = OAO;
			productName = OAO;
			productReference = 43128C6E2566B5BA00CC5AA0 /* OAO.app */;
			productType = "com.apple.product-type.application";
		};
/* End PBXNativeTarget section */

/* Begin PBXProject section */
		43128C662566B5BA00CC5AA0 /* Project object */ = {
			isa = PBXProject;
			attributes = {
				LastSwiftUpdateCheck = 1220;
				LastUpgradeCheck = 1220;
				TargetAttributes = {
					43128C6D2566B5BA00CC5AA0 = {
						CreatedOnToolsVersion = 12.2;
						LastSwiftMigration = 1220;
					};
				};
			};
			buildConfigurationList = 43128C692566B5BA00CC5AA0 /* Build configuration list for PBXProject "OAO" */;
			compatibilityVersion = "Xcode 9.3";
			developmentRegion = en;
			hasScannedForEncodings = 0;
			knownRegions = (
				en,
				Base,
			);
			mainGroup = 43128C652566B5BA00CC5AA0;
			productRefGroup = 43128C6F2566B5BA00CC5AA0 /* Products */;
			projectDirPath = "";
			projectRoot = "";
			targets = (
				43128C6D2566B5BA00CC5AA0 /* OAO */,
			);
		};
/* End PBXProject section */

/* Begin PBXResourcesBuildPhase section */
		43128C6C2566B5BA00CC5AA0 /* Resources */ = {
			isa = PBXResourcesBuildPhase;
			buildActionMask = 2147483647;
			files = (
				43128C792566B5BB00CC5AA0 /* Preview Assets.xcassets in Resources */,
				43128C762566B5BB00CC5AA0 /* Assets.xcassets in Resources */,
			);
			runOnlyForDeploymentPostprocessing = 0;
		};
/* End PBXResourcesBuildPhase section */

/* Begin PBXSourcesBuildPhase section */
		43128C6A2566B5BA00CC5AA0 /* Sources */ = {
			isa = PBXSourcesBuildPhase;
			buildActionMask = 2147483647;
			files = (
				43128C872566B5D100CC5AA0 /* EAT_struct.swift in Sources */,
				43128C892566B5D100CC5AA0 /* eatlist.swift in Sources */,
				43128C882566B5D100CC5AA0 /* EatEditor.swift in Sources */,
				43128C8E2566B5D800CC5AA0 /* OAOApp.swift in Sources */,
				43128C8A2566B5D100CC5AA0 /* eat_row_note.swift in Sources */,
				43128C8B2566B5D100CC5AA0 /* DrinksData.swift in Sources */,
			);
			runOnlyForDeploymentPostprocessing = 0;
		};
/* End PBXSourcesBuildPhase section */

/* Begin XCBuildConfiguration section */
		43128C7B2566B5BB00CC5AA0 /* Debug */ = {
			isa = XCBuildConfiguration;
			buildSettings = {
				ALWAYS_SEARCH_USER_PATHS = NO;
				CLANG_ANALYZER_NONNULL = YES;
				CLANG_ANALYZER_NUMBER_OBJECT_CONVERSION = YES_AGGRESSIVE;
				CLANG_CXX_LANGUAGE_STANDARD = "gnu++14";
				CLANG_CXX_LIBRARY = "libc++";
				CLANG_ENABLE_MODULES = YES;
				CLANG_ENABLE_OBJC_ARC = YES;
				CLANG_ENABLE_OBJC_WEAK = YES;
				CLANG_WARN_BLOCK_CAPTURE_AUTORELEASING = YES;
				CLANG_WARN_BOOL_CONVERSION = YES;
				CLANG_WARN_COMMA = YES;
				CLANG_WARN_CONSTANT_CONVERSION = YES;
				CLANG_WARN_DEPRECATED_OBJC_IMPLEMENTATIONS = YES;
				CLANG_WARN_DIRECT_OBJC_ISA_USAGE = YES_ERROR;
				CLANG_WARN_DOCUMENTATION_COMMENTS = YES;
				CLANG_WARN_EMPTY_BODY = YES;
				CLANG_WARN_ENUM_CONVERSION = YES;
				CLANG_WARN_INFINITE_RECURSION = YES;
				CLANG_WARN_INT_CONVERSION = YES;
				CLANG_WARN_NON_LITERAL_NULL_CONVERSION = YES;
				CLANG_WARN_OBJC_IMPLICIT_RETAIN_SELF = YES;
				CLANG_WARN_OBJC_LITERAL_CONVERSION = YES;
				CLANG_WARN_OBJC_ROOT_CLASS = YES_ERROR;
				CLANG_WARN_QUOTED_INCLUDE_IN_FRAMEWORK_HEADER = YES;
				CLANG_WARN_RANGE_LOOP_ANALYSIS = YES;
				CLANG_WARN_STRICT_PROTOTYPES = YES;
				CLANG_WARN_SUSPICIOUS_MOVE = YES;
				CLANG_WARN_UNGUARDED_AVAILABILITY = YES_AGGRESSIVE;
				CLANG_WARN_UNREACHABLE_CODE = YES;
				CLANG_WARN__DUPLICATE_METHOD_MATCH = YES;
				COPY_PHASE_STRIP = NO;
				DEBUG_INFORMATION_FORMAT = dwarf;
				ENABLE_STRICT_OBJC_MSGSEND = YES;
				ENABLE_TESTABILITY = YES;
				GCC_C_LANGUAGE_STANDARD = gnu11;
				GCC_DYNAMIC_NO_PIC = NO;
				GCC_NO_COMMON_BLOCKS = YES;
				GCC_OPTIMIZATION_LEVEL = 0;
				GCC_PREPROCESSOR_DEFINITIONS = (
					"DEBUG=1",
					"$(inherited)",
				);
				GCC_WARN_64_TO_32_BIT_CONVERSION = YES;
				GCC_WARN_ABOUT_RETURN_TYPE = YES_ERROR;
				GCC_WARN_UNDECLARED_SELECTOR = YES;
				GCC_WARN_UNINITIALIZED_AUTOS = YES_AGGRESSIVE;
				GCC_WARN_UNUSED_FUNCTION = YES;
				GCC_WARN_UNUSED_VARIABLE = YES;
				IPHONEOS_DEPLOYMENT_TARGET = 14.2;
				MTL_ENABLE_DEBUG_INFO = INCLUDE_SOURCE;
				MTL_FAST_MATH = YES;
				ONLY_ACTIVE_ARCH = YES;
				SDKROOT = iphoneos;
				SWIFT_ACTIVE_COMPILATION_CONDITIONS = DEBUG;
				SWIFT_OPTIMIZATION_LEVEL = "-Onone";
			};
			name = Debug;
		};
		43128C7C2566B5BB00CC5AA0 /* Release */ = {
			isa = XCBuildConfiguration;
			buildSettings = {
				ALWAYS_SEARCH_USER_PATHS = NO;
				CLANG_ANALYZER_NONNULL = YES;
				CLANG_ANALYZER_NUMBER_OBJECT_CONVERSION = YES_AGGRESSIVE;
				CLANG_CXX_LANGUAGE_STANDARD = "gnu++14";
				CLANG_CXX_LIBRARY = "libc++";
				CLANG_ENABLE_MODULES = YES;
				CLANG_ENABLE_OBJC_ARC = YES;
				CLANG_ENABLE_OBJC_WEAK = YES;
				CLANG_WARN_BLOCK_CAPTURE_AUTORELEASING = YES;
				CLANG_WARN_BOOL_CONVERSION = YES;
				CLANG_WARN_COMMA = YES;
				CLANG_WARN_CONSTANT_CONVERSION = YES;
				CLANG_WARN_DEPRECATED_OBJC_IMPLEMENTATIONS = YES;
				CLANG_WARN_DIRECT_OBJC_ISA_USAGE = YES_ERROR;
				CLANG_WARN_DOCUMENTATION_COMMENTS = YES;
				CLANG_WARN_EMPTY_BODY = YES;
				CLANG_WARN_ENUM_CONVERSION = YES;
				CLANG_WARN_INFINITE_RECURSION = YES;
				CLANG_WARN_INT_CONVERSION = YES;
				CLANG_WARN_NON_LITERAL_NULL_CONVERSION = YES;
				CLANG_WARN_OBJC_IMPLICIT_RETAIN_SELF = YES;
				CLANG_WARN_OBJC_LITERAL_CONVERSION = YES;
				CLANG_WARN_OBJC_ROOT_CLASS = YES_ERROR;
				CLANG_WARN_QUOTED_INCLUDE_IN_FRAMEWORK_HEADER = YES;
				CLANG_WARN_RANGE_LOOP_ANALYSIS = YES;
				CLANG_WARN_STRICT_PROTOTYPES = YES;
				CLANG_WARN_SUSPICIOUS_MOVE = YES;
				CLANG_WARN_UNGUARDED_AVAILABILITY = YES_AGGRESSIVE;
				CLANG_WARN_UNREACHABLE_CODE = YES;
				CLANG_WARN__DUPLICATE_METHOD_MATCH = YES;
				COPY_PHASE_STRIP = NO;
				DEBUG_INFORMATION_FORMAT = "dwarf-with-dsym";
				ENABLE_NS_ASSERTIONS = NO;
				ENABLE_STRICT_OBJC_MSGSEND = YES;
				GCC_C_LANGUAGE_STANDARD = gnu11;
				GCC_NO_COMMON_BLOCKS = YES;
				GCC_WARN_64_TO_32_BIT_CONVERSION = YES;
				GCC_WARN_ABOUT_RETURN_TYPE = YES_ERROR;
				GCC_WARN_UNDECLARED_SELECTOR = YES;
				GCC_WARN_UNINITIALIZED_AUTOS = YES_AGGRESSIVE;
				GCC_WARN_UNUSED_FUNCTION = YES;
				GCC_WARN_UNUSED_VARIABLE = YES;
				IPHONEOS_DEPLOYMENT_TARGET = 14.2;
				MTL_ENABLE_DEBUG_INFO = NO;
				MTL_FAST_MATH = YES;
				SDKROOT = iphoneos;
				SWIFT_COMPILATION_MODE = wholemodule;
				SWIFT_OPTIMIZATION_LEVEL = "-O";
				VALIDATE_PRODUCT = YES;
			};
			name = Release;
		};
		43128C7E2566B5BB00CC5AA0 /* Debug */ = {
			isa = XCBuildConfiguration;
			buildSettings = {
				ASSETCATALOG_COMPILER_APPICON_NAME = AppIcon;
				ASSETCATALOG_COMPILER_GLOBAL_ACCENT_COLOR_NAME = AccentColor;
				CLANG_ENABLE_MODULES = YES;
				CODE_SIGN_STYLE = Automatic;
				DEVELOPMENT_ASSET_PATHS = "\"OAO/Preview Content\"";
				DEVELOPMENT_TEAM = CQCPP83MT6;
				ENABLE_PREVIEWS = YES;
				INFOPLIST_FILE = OAO/Info.plist;
				IPHONEOS_DEPLOYMENT_TARGET = 14.0;
				LD_RUNPATH_SEARCH_PATHS = (
					"$(inherited)",
					"@executable_path/Frameworks",
				);
				PRODUCT_BUNDLE_IDENTIFIER = com.jjw.OAO;
				PRODUCT_NAME = "$(TARGET_NAME)";
				SWIFT_OPTIMIZATION_LEVEL = "-Onone";
				SWIFT_VERSION = 5.0;
				TARGETED_DEVICE_FAMILY = "1,2";
			};
			name = Debug;
		};
		43128C7F2566B5BB00CC5AA0 /* Release */ = {
			isa = XCBuildConfiguration;
			buildSettings = {
				ASSETCATALOG_COMPILER_APPICON_NAME = AppIcon;
				ASSETCATALOG_COMPILER_GLOBAL_ACCENT_COLOR_NAME = AccentColor;
				CLANG_ENABLE_MODULES = YES;
				CODE_SIGN_STYLE = Automatic;
				DEVELOPMENT_ASSET_PATHS = "\"OAO/Preview Content\"";
				DEVELOPMENT_TEAM = CQCPP83MT6;
				ENABLE_PREVIEWS = YES;
				INFOPLIST_FILE = OAO/Info.plist;
				IPHONEOS_DEPLOYMENT_TARGET = 14.0;
				LD_RUNPATH_SEARCH_PATHS = (
					"$(inherited)",
					"@executable_path/Frameworks",
				);
				PRODUCT_BUNDLE_IDENTIFIER = com.jjw.OAO;
				PRODUCT_NAME = "$(TARGET_NAME)";
				SWIFT_VERSION = 5.0;
				TARGETED_DEVICE_FAMILY = "1,2";
			};
			name = Release;
		};
/* End XCBuildConfiguration section */

/* Begin XCConfigurationList section */
		43128C692566B5BA00CC5AA0 /* Build configuration list for PBXProject "OAO" */ = {
			isa = XCConfigurationList;
			buildConfigurations = (
				43128C7B2566B5BB00CC5AA0 /* Debug */,
				43128C7C2566B5BB00CC5AA0 /* Release */,
			);
			defaultConfigurationIsVisible = 0;
			defaultConfigurationName = Release;
		};
		43128C7D2566B5BB00CC5AA0 /* Build configuration list for PBXNativeTarget "OAO" */ = {
			isa = XCConfigurationList;
			buildConfigurations = (
				43128C7E2566B5BB00CC5AA0 /* Debug */,
				43128C7F2566B5BB00CC5AA0 /* Release */,
			);
			defaultConfigurationIsVisible = 0;
			defaultConfigurationName = Release;
		};
/* End XCConfigurationList section */
	};
	rootObject = 43128C662566B5BA00CC5AA0 /* Project object */;
}
